
Microsoft Visual Studio Solution File, Format Version 12.00
# Visual Studio 14
VisualStudioVersion = 14.0.25420.1
MinimumVisualStudioVersion = 10.0.40219.1
Project("{FAE04EC0-301F-11D3-BF4B-00C04F79EFBC}") = "SPM.Bootstrapper", "SPM.Bootstrapper\SPM.Bootstrapper.csproj", "{64401244-AA34-4EFF-91AF-9550029373CD}"
EndProject
Project("{FAE04EC0-301F-11D3-BF4B-00C04F79EFBC}") = "SPM.Shell", "SPM.Shell\SPM.Shell.csproj", "{7C303DC9-CF61-4804-B5AE-12EC542BDD56}"
EndProject
Project("{2150E333-8FDC-42A3-9474-1A3956D46DE8}") = "Client", "Client", "{C6681E8D-1E78-4ACD-BE4E-9805B51197E9}"
EndProject
Project("{2150E333-8FDC-42A3-9474-1A3956D46DE8}") = "Server", "Server", "{BE3F2C88-B930-4B29-872D-EF86CA46DED6}"
EndProject
Project("{8BB2217D-0F2D-49D1-97BC-3654ED321F3B}") = "SPM.UpdateService", "SPM.UpdateService\SPM.UpdateService.xproj", "{D2A194B4-EB0B-43AC-A325-01C832C94BA8}"
EndProject
Global
	GlobalSection(SolutionConfigurationPlatforms) = preSolution
		Debug|Any CPU = Debug|Any CPU
		Release|Any CPU = Release|Any CPU
	EndGlobalSection
	GlobalSection(ProjectConfigurationPlatforms) = postSolution
		{64401244-AA34-4EFF-91AF-9550029373CD}.Debug|Any CPU.ActiveCfg = Debug|Any CPU
		{64401244-AA34-4EFF-91AF-9550029373CD}.Debug|Any CPU.Build.0 = Debug|Any CPU
		{64401244-AA34-4EFF-91AF-9550029373CD}.Release|Any CPU.ActiveCfg = Release|Any CPU
		{64401244-AA34-4EFF-91AF-9550029373CD}.Release|Any CPU.Build.0 = Release|Any CPU
		{7C303DC9-CF61-4804-B5AE-12EC542BDD56}.Debug|Any CPU.ActiveCfg = Debug|Any CPU
		{7C303DC9-CF61-4804-B5AE-12EC542BDD56}.Debug|Any CPU.Build.0 = Debug|Any CPU
		{7C303DC9-CF61-4804-B5AE-12EC542BDD56}.Release|Any CPU.ActiveCfg = Release|Any CPU
		{7C303DC9-CF61-4804-B5AE-12EC542BDD56}.Release|Any CPU.Build.0 = Release|Any CPU
		{D2A194B4-EB0B-43AC-A325-01C832C94BA8}.Debug|Any CPU.ActiveCfg = Debug|Any CPU
		{D2A194B4-EB0B-43AC-A325-01C832C94BA8}.Debug|Any CPU.Build.0 = Debug|Any CPU
		{D2A194B4-EB0B-43AC-A325-01C832C94BA8}.Release|Any CPU.ActiveCfg = Release|Any CPU
		{D2A194B4-EB0B-43AC-A325-01C832C94BA8}.Release|Any CPU.Build.0 = Release|Any CPU
	EndGlobalSection
	GlobalSection(SolutionProperties) = preSolution
		HideSolutionNode = FALSE
	EndGlobalSection
	GlobalSection(NestedProjects) = preSolution
		{64401244-AA34-4EFF-91AF-9550029373CD} = {C6681E8D-1E78-4ACD-BE4E-9805B51197E9}
		{7C303DC9-CF61-4804-B5AE-12EC542BDD56} = {C6681E8D-1E78-4ACD-BE4E-9805B51197E9}
		{D2A194B4-EB0B-43AC-A325-01C832C94BA8} = {BE3F2C88-B930-4B29-872D-EF86CA46DED6}
	EndGlobalSection
EndGlobal
