
Microsoft Visual Studio Solution File, Format Version 12.00
# Visual Studio 15
VisualStudioVersion = 15.0.27130.2036
MinimumVisualStudioVersion = 10.0.40219.1
Project("{2150E333-8FDC-42A3-9474-1A3956D46DE8}") = "Client", "Client", "{C6681E8D-1E78-4ACD-BE4E-9805B51197E9}"
EndProject
Project("{2150E333-8FDC-42A3-9474-1A3956D46DE8}") = "Server", "Server", "{BE3F2C88-B930-4B29-872D-EF86CA46DED6}"
EndProject
Project("{2150E333-8FDC-42A3-9474-1A3956D46DE8}") = "SolutionItems", "SolutionItems", "{AAEA0DAC-E751-4E09-8657-C72D70F85D86}"
EndProject
Project("{FAE04EC0-301F-11D3-BF4B-00C04F79EFBC}") = "SPM.Bootstrapper", "SPM.Bootstrapper\SPM.Bootstrapper.csproj", "{64401244-AA34-4EFF-91AF-9550029373CD}"
EndProject
Project("{FAE04EC0-301F-11D3-BF4B-00C04F79EFBC}") = "SPM.Shell", "SPM.Shell\SPM.Shell.csproj", "{7C303DC9-CF61-4804-B5AE-12EC542BDD56}"
EndProject
Project("{9A19103F-16F7-4668-BE54-9A1E7A4F7556}") = "SPM.Http.PackageService", "SPM.Http.PackageService\SPM.Http.PackageService.csproj", "{2C8E91BF-12E0-4F59-80C3-6A2DE25B6FC8}"
EndProject
Project("{9A19103F-16F7-4668-BE54-9A1E7A4F7556}") = "SPM.Http.FileService", "SPM.Http.FileService\SPM.Http.FileService.csproj", "{A93EE7AC-0D04-4B8E-9926-E7CA1F22DEBF}"
EndProject
Project("{9A19103F-16F7-4668-BE54-9A1E7A4F7556}") = "SPM.Http.SelfUpdateHost", "SPM.Http.SelfUpdateHost\SPM.Http.SelfUpdateHost.csproj", "{75793176-5996-42DA-900F-88DBE4C267CA}"
EndProject
Global
	GlobalSection(SolutionConfigurationPlatforms) = preSolution
		Debug|Any CPU = Debug|Any CPU
		Debug|x64 = Debug|x64
		Debug|x86 = Debug|x86
		Release|Any CPU = Release|Any CPU
		Release|x64 = Release|x64
		Release|x86 = Release|x86
	EndGlobalSection
	GlobalSection(ProjectConfigurationPlatforms) = postSolution
		{64401244-AA34-4EFF-91AF-9550029373CD}.Debug|Any CPU.ActiveCfg = Debug|Any CPU
		{64401244-AA34-4EFF-91AF-9550029373CD}.Debug|Any CPU.Build.0 = Debug|Any CPU
		{64401244-AA34-4EFF-91AF-9550029373CD}.Debug|x64.ActiveCfg = Debug|Any CPU
		{64401244-AA34-4EFF-91AF-9550029373CD}.Debug|x64.Build.0 = Debug|Any CPU
		{64401244-AA34-4EFF-91AF-9550029373CD}.Debug|x86.ActiveCfg = Debug|Any CPU
		{64401244-AA34-4EFF-91AF-9550029373CD}.Debug|x86.Build.0 = Debug|Any CPU
		{64401244-AA34-4EFF-91AF-9550029373CD}.Release|Any CPU.ActiveCfg = Release|Any CPU
		{64401244-AA34-4EFF-91AF-9550029373CD}.Release|Any CPU.Build.0 = Release|Any CPU
		{64401244-AA34-4EFF-91AF-9550029373CD}.Release|x64.ActiveCfg = Release|Any CPU
		{64401244-AA34-4EFF-91AF-9550029373CD}.Release|x64.Build.0 = Release|Any CPU
		{64401244-AA34-4EFF-91AF-9550029373CD}.Release|x86.ActiveCfg = Release|Any CPU
		{64401244-AA34-4EFF-91AF-9550029373CD}.Release|x86.Build.0 = Release|Any CPU
		{7C303DC9-CF61-4804-B5AE-12EC542BDD56}.Debug|Any CPU.ActiveCfg = Debug|Any CPU
		{7C303DC9-CF61-4804-B5AE-12EC542BDD56}.Debug|Any CPU.Build.0 = Debug|Any CPU
		{7C303DC9-CF61-4804-B5AE-12EC542BDD56}.Debug|x64.ActiveCfg = Debug|Any CPU
		{7C303DC9-CF61-4804-B5AE-12EC542BDD56}.Debug|x64.Build.0 = Debug|Any CPU
		{7C303DC9-CF61-4804-B5AE-12EC542BDD56}.Debug|x86.ActiveCfg = Debug|Any CPU
		{7C303DC9-CF61-4804-B5AE-12EC542BDD56}.Debug|x86.Build.0 = Debug|Any CPU
		{7C303DC9-CF61-4804-B5AE-12EC542BDD56}.Release|Any CPU.ActiveCfg = Release|Any CPU
		{7C303DC9-CF61-4804-B5AE-12EC542BDD56}.Release|Any CPU.Build.0 = Release|Any CPU
		{7C303DC9-CF61-4804-B5AE-12EC542BDD56}.Release|x64.ActiveCfg = Release|Any CPU
		{7C303DC9-CF61-4804-B5AE-12EC542BDD56}.Release|x64.Build.0 = Release|Any CPU
		{7C303DC9-CF61-4804-B5AE-12EC542BDD56}.Release|x86.ActiveCfg = Release|Any CPU
		{7C303DC9-CF61-4804-B5AE-12EC542BDD56}.Release|x86.Build.0 = Release|Any CPU
		{2C8E91BF-12E0-4F59-80C3-6A2DE25B6FC8}.Debug|Any CPU.ActiveCfg = Debug|Any CPU
		{2C8E91BF-12E0-4F59-80C3-6A2DE25B6FC8}.Debug|Any CPU.Build.0 = Debug|Any CPU
		{2C8E91BF-12E0-4F59-80C3-6A2DE25B6FC8}.Debug|x64.ActiveCfg = Debug|Any CPU
		{2C8E91BF-12E0-4F59-80C3-6A2DE25B6FC8}.Debug|x64.Build.0 = Debug|Any CPU
		{2C8E91BF-12E0-4F59-80C3-6A2DE25B6FC8}.Debug|x86.ActiveCfg = Debug|Any CPU
		{2C8E91BF-12E0-4F59-80C3-6A2DE25B6FC8}.Debug|x86.Build.0 = Debug|Any CPU
		{2C8E91BF-12E0-4F59-80C3-6A2DE25B6FC8}.Release|Any CPU.ActiveCfg = Release|Any CPU
		{2C8E91BF-12E0-4F59-80C3-6A2DE25B6FC8}.Release|Any CPU.Build.0 = Release|Any CPU
		{2C8E91BF-12E0-4F59-80C3-6A2DE25B6FC8}.Release|x64.ActiveCfg = Release|Any CPU
		{2C8E91BF-12E0-4F59-80C3-6A2DE25B6FC8}.Release|x64.Build.0 = Release|Any CPU
		{2C8E91BF-12E0-4F59-80C3-6A2DE25B6FC8}.Release|x86.ActiveCfg = Release|Any CPU
		{2C8E91BF-12E0-4F59-80C3-6A2DE25B6FC8}.Release|x86.Build.0 = Release|Any CPU
		{A93EE7AC-0D04-4B8E-9926-E7CA1F22DEBF}.Debug|Any CPU.ActiveCfg = Debug|Any CPU
		{A93EE7AC-0D04-4B8E-9926-E7CA1F22DEBF}.Debug|Any CPU.Build.0 = Debug|Any CPU
		{A93EE7AC-0D04-4B8E-9926-E7CA1F22DEBF}.Debug|x64.ActiveCfg = Debug|Any CPU
		{A93EE7AC-0D04-4B8E-9926-E7CA1F22DEBF}.Debug|x64.Build.0 = Debug|Any CPU
		{A93EE7AC-0D04-4B8E-9926-E7CA1F22DEBF}.Debug|x86.ActiveCfg = Debug|Any CPU
		{A93EE7AC-0D04-4B8E-9926-E7CA1F22DEBF}.Debug|x86.Build.0 = Debug|Any CPU
		{A93EE7AC-0D04-4B8E-9926-E7CA1F22DEBF}.Release|Any CPU.ActiveCfg = Release|Any CPU
		{A93EE7AC-0D04-4B8E-9926-E7CA1F22DEBF}.Release|Any CPU.Build.0 = Release|Any CPU
		{A93EE7AC-0D04-4B8E-9926-E7CA1F22DEBF}.Release|x64.ActiveCfg = Release|Any CPU
		{A93EE7AC-0D04-4B8E-9926-E7CA1F22DEBF}.Release|x64.Build.0 = Release|Any CPU
		{A93EE7AC-0D04-4B8E-9926-E7CA1F22DEBF}.Release|x86.ActiveCfg = Release|Any CPU
		{A93EE7AC-0D04-4B8E-9926-E7CA1F22DEBF}.Release|x86.Build.0 = Release|Any CPU
		{75793176-5996-42DA-900F-88DBE4C267CA}.Debug|Any CPU.ActiveCfg = Debug|Any CPU
		{75793176-5996-42DA-900F-88DBE4C267CA}.Debug|Any CPU.Build.0 = Debug|Any CPU
		{75793176-5996-42DA-900F-88DBE4C267CA}.Debug|x64.ActiveCfg = Debug|Any CPU
		{75793176-5996-42DA-900F-88DBE4C267CA}.Debug|x64.Build.0 = Debug|Any CPU
		{75793176-5996-42DA-900F-88DBE4C267CA}.Debug|x86.ActiveCfg = Debug|Any CPU
		{75793176-5996-42DA-900F-88DBE4C267CA}.Debug|x86.Build.0 = Debug|Any CPU
		{75793176-5996-42DA-900F-88DBE4C267CA}.Release|Any CPU.ActiveCfg = Release|Any CPU
		{75793176-5996-42DA-900F-88DBE4C267CA}.Release|Any CPU.Build.0 = Release|Any CPU
		{75793176-5996-42DA-900F-88DBE4C267CA}.Release|x64.ActiveCfg = Release|Any CPU
		{75793176-5996-42DA-900F-88DBE4C267CA}.Release|x64.Build.0 = Release|Any CPU
		{75793176-5996-42DA-900F-88DBE4C267CA}.Release|x86.ActiveCfg = Release|Any CPU
		{75793176-5996-42DA-900F-88DBE4C267CA}.Release|x86.Build.0 = Release|Any CPU
	EndGlobalSection
	GlobalSection(SolutionProperties) = preSolution
		HideSolutionNode = FALSE
	EndGlobalSection
	GlobalSection(NestedProjects) = preSolution
		{AAEA0DAC-E751-4E09-8657-C72D70F85D86} = {BE3F2C88-B930-4B29-872D-EF86CA46DED6}
		{64401244-AA34-4EFF-91AF-9550029373CD} = {C6681E8D-1E78-4ACD-BE4E-9805B51197E9}
		{7C303DC9-CF61-4804-B5AE-12EC542BDD56} = {C6681E8D-1E78-4ACD-BE4E-9805B51197E9}
		{2C8E91BF-12E0-4F59-80C3-6A2DE25B6FC8} = {BE3F2C88-B930-4B29-872D-EF86CA46DED6}
		{A93EE7AC-0D04-4B8E-9926-E7CA1F22DEBF} = {BE3F2C88-B930-4B29-872D-EF86CA46DED6}
		{75793176-5996-42DA-900F-88DBE4C267CA} = {BE3F2C88-B930-4B29-872D-EF86CA46DED6}
	EndGlobalSection
	GlobalSection(ExtensibilityGlobals) = postSolution
		SolutionGuid = {D3394C7E-D8DD-4D9F-9F37-C2157908F218}
	EndGlobalSection
EndGlobal
